// !$*UTF8*$!
{
	archiveVersion = 1;
	classes = {
	};
	objectVersion = 55;
	objects = {

/* Begin PBXBuildFile section */
		CE7DE93F26FF4B3F00E39766 /* AppDelegate.swift in Sources */ = {isa = PBXBuildFile; fileRef = CE7DE93E26FF4B3F00E39766 /* AppDelegate.swift */; };
		CE7DE94126FF4B3F00E39766 /* SceneDelegate.swift in Sources */ = {isa = PBXBuildFile; fileRef = CE7DE94026FF4B3F00E39766 /* SceneDelegate.swift */; };
		CE7DE94626FF4B3F00E39766 /* Main.storyboard in Resources */ = {isa = PBXBuildFile; fileRef = CE7DE94426FF4B3F00E39766 /* Main.storyboard */; };
		CE7DE94826FF4B4000E39766 /* Assets.xcassets in Resources */ = {isa = PBXBuildFile; fileRef = CE7DE94726FF4B4000E39766 /* Assets.xcassets */; };
		CE7DE94B26FF4B4000E39766 /* LaunchScreen.storyboard in Resources */ = {isa = PBXBuildFile; fileRef = CE7DE94926FF4B4000E39766 /* LaunchScreen.storyboard */; };
		CE7DE95326FF4B7400E39766 /* DispleyViewController.swift in Sources */ = {isa = PBXBuildFile; fileRef = CE7DE95226FF4B7400E39766 /* DispleyViewController.swift */; };
		CE7DE95526FF4B8A00E39766 /* AppDataEnum.swift in Sources */ = {isa = PBXBuildFile; fileRef = CE7DE95426FF4B8A00E39766 /* AppDataEnum.swift */; };
		CEE8C3742701A972002CA773 /* AppFunction.swift in Sources */ = {isa = PBXBuildFile; fileRef = CEE8C3732701A972002CA773 /* AppFunction.swift */; };
/* End PBXBuildFile section */

/* Begin PBXFileReference section */
		CE7DE93B26FF4B3F00E39766 /* TansferDataDemo.app */ = {isa = PBXFileReference; explicitFileType = wrapper.application; includeInIndex = 0; path = TansferDataDemo.app; sourceTree = BUILT_PRODUCTS_DIR; };
		CE7DE93E26FF4B3F00E39766 /* AppDelegate.swift */ = {isa = PBXFileReference; lastKnownFileType = sourcecode.swift; path = AppDelegate.swift; sourceTree = "<group>"; };
		CE7DE94026FF4B3F00E39766 /* SceneDelegate.swift */ = {isa = PBXFileReference; lastKnownFileType = sourcecode.swift; path = SceneDelegate.swift; sourceTree = "<group>"; };
		CE7DE94526FF4B3F00E39766 /* Base */ = {isa = PBXFileReference; lastKnownFileType = file.storyboard; name = Base; path = Base.lproj/Main.storyboard; sourceTree = "<group>"; };
		CE7DE94726FF4B4000E39766 /* Assets.xcassets */ = {isa = PBXFileReference; lastKnownFileType = folder.assetcatalog; path = Assets.xcassets; sourceTree = "<group>"; };
		CE7DE94A26FF4B4000E39766 /* Base */ = {isa = PBXFileReference; lastKnownFileType = file.storyboard; name = Base; path = Base.lproj/LaunchScreen.storyboard; sourceTree = "<group>"; };
		CE7DE94C26FF4B4000E39766 /* Info.plist */ = {isa = PBXFileReference; lastKnownFileType = text.plist.xml; path = Info.plist; sourceTree = "<group>"; };
		CE7DE95226FF4B7400E39766 /* DispleyViewController.swift */ = {isa = PBXFileReference; lastKnownFileType = sourcecode.swift; path = DispleyViewController.swift; sourceTree = "<group>"; };
		CE7DE95426FF4B8A00E39766 /* AppDataEnum.swift */ = {isa = PBXFileReference; lastKnownFileType = sourcecode.swift; path = AppDataEnum.swift; sourceTree = "<group>"; };
		CE7DE95626FF906B00E39766 /* TryNumber1A2BDemo.playground */ = {isa = PBXFileReference; lastKnownFileType = file.playground; path = TryNumber1A2BDemo.playground; sourceTree = "<group>"; xcLanguageSpecificationIdentifier = xcode.lang.swift; };
		CEE8C3732701A972002CA773 /* AppFunction.swift */ = {isa = PBXFileReference; lastKnownFileType = sourcecode.swift; path = AppFunction.swift; sourceTree = "<group>"; };
/* End PBXFileReference section */

/* Begin PBXFrameworksBuildPhase section */
		CE7DE93826FF4B3F00E39766 /* Frameworks */ = {
			isa = PBXFrameworksBuildPhase;
			buildActionMask = 2147483647;
			files = (
			);
			runOnlyForDeploymentPostprocessing = 0;
		};
/* End PBXFrameworksBuildPhase section */

/* Begin PBXGroup section */
		CE7DE93226FF4B3F00E39766 = {
			isa = PBXGroup;
			children = (
				CE7DE93D26FF4B3F00E39766 /* TansferDataDemo */,
				CE7DE93C26FF4B3F00E39766 /* Products */,
			);
			sourceTree = "<group>";
		};
		CE7DE93C26FF4B3F00E39766 /* Products */ = {
			isa = PBXGroup;
			children = (
				CE7DE93B26FF4B3F00E39766 /* TansferDataDemo.app */,
			);
			name = Products;
			sourceTree = "<group>";
		};
		CE7DE93D26FF4B3F00E39766 /* TansferDataDemo */ = {
			isa = PBXGroup;
			children = (
				CE7DE93E26FF4B3F00E39766 /* AppDelegate.swift */,
				CE7DE94026FF4B3F00E39766 /* SceneDelegate.swift */,
				CE7DE95226FF4B7400E39766 /* DispleyViewController.swift */,
				CEE8C3732701A972002CA773 /* AppFunction.swift */,
				CE7DE95426FF4B8A00E39766 /* AppDataEnum.swift */,
				CE7DE94426FF4B3F00E39766 /* Main.storyboard */,
				CE7DE94726FF4B4000E39766 /* Assets.xcassets */,
				CE7DE94926FF4B4000E39766 /* LaunchScreen.storyboard */,
				CE7DE94C26FF4B4000E39766 /* Info.plist */,
				CE7DE95626FF906B00E39766 /* TryNumber1A2BDemo.playground */,
			);
			path = TansferDataDemo;
			sourceTree = "<group>";
		};
/* End PBXGroup section */

/* Begin PBXNativeTarget section */
		CE7DE93A26FF4B3F00E39766 /* TansferDataDemo */ = {
			isa = PBXNativeTarget;
			buildConfigurationList = CE7DE94F26FF4B4000E39766 /* Build configuration list for PBXNativeTarget "TansferDataDemo" */;
			buildPhases = (
				CE7DE93726FF4B3F00E39766 /* Sources */,
				CE7DE93826FF4B3F00E39766 /* Frameworks */,
				CE7DE93926FF4B3F00E39766 /* Resources */,
			);
			buildRules = (
			);
			dependencies = (
			);
			name = TansferDataDemo;
			productName = TansferDataDemo;
			productReference = CE7DE93B26FF4B3F00E39766 /* TansferDataDemo.app */;
			productType = "com.apple.product-type.application";
		};
/* End PBXNativeTarget section */

/* Begin PBXProject section */
		CE7DE93326FF4B3F00E39766 /* Project object */ = {
			isa = PBXProject;
			attributes = {
				BuildIndependentTargetsInParallel = 1;
				LastSwiftUpdateCheck = 1300;
				LastUpgradeCheck = 1300;
				TargetAttributes = {
					CE7DE93A26FF4B3F00E39766 = {
						CreatedOnToolsVersion = 13.0;
					};
				};
			};
			buildConfigurationList = CE7DE93626FF4B3F00E39766 /* Build configuration list for PBXProject "TansferDataDemo" */;
			compatibilityVersion = "Xcode 13.0";
			developmentRegion = en;
			hasScannedForEncodings = 0;
			knownRegions = (
				en,
				Base,
			);
			mainGroup = CE7DE93226FF4B3F00E39766;
			productRefGroup = CE7DE93C26FF4B3F00E39766 /* Products */;
			projectDirPath = "";
			projectRoot = "";
			targets = (
				CE7DE93A26FF4B3F00E39766 /* TansferDataDemo */,
			);
		};
/* End PBXProject section */

/* Begin PBXResourcesBuildPhase section */
		CE7DE93926FF4B3F00E39766 /* Resources */ = {
			isa = PBXResourcesBuildPhase;
			buildActionMask = 2147483647;
			files = (
				CE7DE94B26FF4B4000E39766 /* LaunchScreen.storyboard in Resources */,
				CE7DE94826FF4B4000E39766 /* Assets.xcassets in Resources */,
				CE7DE94626FF4B3F00E39766 /* Main.storyboard in Resources */,
			);
			runOnlyForDeploymentPostprocessing = 0;
		};
/* End PBXResourcesBuildPhase section */

/* Begin PBXSourcesBuildPhase section */
		CE7DE93726FF4B3F00E39766 /* Sources */ = {
			isa = PBXSourcesBuildPhase;
			buildActionMask = 2147483647;
			files = (
				CEE8C3742701A972002CA773 /* AppFunction.swift in Sources */,
				CE7DE95526FF4B8A00E39766 /* AppDataEnum.swift in Sources */,
				CE7DE93F26FF4B3F00E39766 /* AppDelegate.swift in Sources */,
				CE7DE94126FF4B3F00E39766 /* SceneDelegate.swift in Sources */,
				CE7DE95326FF4B7400E39766 /* DispleyViewController.swift in Sources */,
			);
			runOnlyForDeploymentPostprocessing = 0;
		};
/* End PBXSourcesBuildPhase section */

/* Begin PBXVariantGroup section */
		CE7DE94426FF4B3F00E39766 /* Main.storyboard */ = {
			isa = PBXVariantGroup;
			children = (
				CE7DE94526FF4B3F00E39766 /* Base */,
			);
			name = Main.storyboard;
			sourceTree = "<group>";
		};
		CE7DE94926FF4B4000E39766 /* LaunchScreen.storyboard */ = {
			isa = PBXVariantGroup;
			children = (
				CE7DE94A26FF4B4000E39766 /* Base */,
			);
			name = LaunchScreen.storyboard;
			sourceTree = "<group>";
		};
/* End PBXVariantGroup section */

/* Begin XCBuildConfiguration section */
		CE7DE94D26FF4B4000E39766 /* Debug */ = {
			isa = XCBuildConfiguration;
			buildSettings = {
				ALWAYS_SEARCH_USER_PATHS = NO;
				CLANG_ANALYZER_NONNULL = YES;
				CLANG_ANALYZER_NUMBER_OBJECT_CONVERSION = YES_AGGRESSIVE;
				CLANG_CXX_LANGUAGE_STANDARD = "gnu++17";
				CLANG_CXX_LIBRARY = "libc++";
				CLANG_ENABLE_MODULES = YES;
				CLANG_ENABLE_OBJC_ARC = YES;
				CLANG_ENABLE_OBJC_WEAK = YES;
				CLANG_WARN_BLOCK_CAPTURE_AUTORELEASING = YES;
				CLANG_WARN_BOOL_CONVERSION = YES;
				CLANG_WARN_COMMA = YES;
				CLANG_WARN_CONSTANT_CONVERSION = YES;
				CLANG_WARN_DEPRECATED_OBJC_IMPLEMENTATIONS = YES;
				CLANG_WARN_DIRECT_OBJC_ISA_USAGE = YES_ERROR;
				CLANG_WARN_DOCUMENTATION_COMMENTS = YES;
				CLANG_WARN_EMPTY_BODY = YES;
				CLANG_WARN_ENUM_CONVERSION = YES;
				CLANG_WARN_INFINITE_RECURSION = YES;
				CLANG_WARN_INT_CONVERSION = YES;
				CLANG_WARN_NON_LITERAL_NULL_CONVERSION = YES;
				CLANG_WARN_OBJC_IMPLICIT_RETAIN_SELF = YES;
				CLANG_WARN_OBJC_LITERAL_CONVERSION = YES;
				CLANG_WARN_OBJC_ROOT_CLASS = YES_ERROR;
				CLANG_WARN_QUOTED_INCLUDE_IN_FRAMEWORK_HEADER = YES;
				CLANG_WARN_RANGE_LOOP_ANALYSIS = YES;
				CLANG_WARN_STRICT_PROTOTYPES = YES;
				CLANG_WARN_SUSPICIOUS_MOVE = YES;
				CLANG_WARN_UNGUARDED_AVAILABILITY = YES_AGGRESSIVE;
				CLANG_WARN_UNREACHABLE_CODE = YES;
				CLANG_WARN__DUPLICATE_METHOD_MATCH = YES;
				COPY_PHASE_STRIP = NO;
				DEBUG_INFORMATION_FORMAT = dwarf;
				ENABLE_STRICT_OBJC_MSGSEND = YES;
				ENABLE_TESTABILITY = YES;
				GCC_C_LANGUAGE_STANDARD = gnu11;
				GCC_DYNAMIC_NO_PIC = NO;
				GCC_NO_COMMON_BLOCKS = YES;
				GCC_OPTIMIZATION_LEVEL = 0;
				GCC_PREPROCESSOR_DEFINITIONS = (
					"DEBUG=1",
					"$(inherited)",
				);
				GCC_WARN_64_TO_32_BIT_CONVERSION = YES;
				GCC_WARN_ABOUT_RETURN_TYPE = YES_ERROR;
				GCC_WARN_UNDECLARED_SELECTOR = YES;
				GCC_WARN_UNINITIALIZED_AUTOS = YES_AGGRESSIVE;
				GCC_WARN_UNUSED_FUNCTION = YES;
				GCC_WARN_UNUSED_VARIABLE = YES;
				IPHONEOS_DEPLOYMENT_TARGET = 14.6;
				MTL_ENABLE_DEBUG_INFO = INCLUDE_SOURCE;
				MTL_FAST_MATH = YES;
				ONLY_ACTIVE_ARCH = YES;
				SDKROOT = iphoneos;
				SWIFT_ACTIVE_COMPILATION_CONDITIONS = DEBUG;
				SWIFT_OPTIMIZATION_LEVEL = "-Onone";
			};
			name = Debug;
		};
		CE7DE94E26FF4B4000E39766 /* Release */ = {
			isa = XCBuildConfiguration;
			buildSettings = {
				ALWAYS_SEARCH_USER_PATHS = NO;
				CLANG_ANALYZER_NONNULL = YES;
				CLANG_ANALYZER_NUMBER_OBJECT_CONVERSION = YES_AGGRESSIVE;
				CLANG_CXX_LANGUAGE_STANDARD = "gnu++17";
				CLANG_CXX_LIBRARY = "libc++";
				CLANG_ENABLE_MODULES = YES;
				CLANG_ENABLE_OBJC_ARC = YES;
				CLANG_ENABLE_OBJC_WEAK = YES;
				CLANG_WARN_BLOCK_CAPTURE_AUTORELEASING = YES;
				CLANG_WARN_BOOL_CONVERSION = YES;
				CLANG_WARN_COMMA = YES;
				CLANG_WARN_CONSTANT_CONVERSION = YES;
				CLANG_WARN_DEPRECATED_OBJC_IMPLEMENTATIONS = YES;
				CLANG_WARN_DIRECT_OBJC_ISA_USAGE = YES_ERROR;
				CLANG_WARN_DOCUMENTATION_COMMENTS = YES;
				CLANG_WARN_EMPTY_BODY = YES;
				CLANG_WARN_ENUM_CONVERSION = YES;
				CLANG_WARN_INFINITE_RECURSION = YES;
				CLANG_WARN_INT_CONVERSION = YES;
				CLANG_WARN_NON_LITERAL_NULL_CONVERSION = YES;
				CLANG_WARN_OBJC_IMPLICIT_RETAIN_SELF = YES;
				CLANG_WARN_OBJC_LITERAL_CONVERSION = YES;
				CLANG_WARN_OBJC_ROOT_CLASS = YES_ERROR;
				CLANG_WARN_QUOTED_INCLUDE_IN_FRAMEWORK_HEADER = YES;
				CLANG_WARN_RANGE_LOOP_ANALYSIS = YES;
				CLANG_WARN_STRICT_PROTOTYPES = YES;
				CLANG_WARN_SUSPICIOUS_MOVE = YES;
				CLANG_WARN_UNGUARDED_AVAILABILITY = YES_AGGRESSIVE;
				CLANG_WARN_UNREACHABLE_CODE = YES;
				CLANG_WARN__DUPLICATE_METHOD_MATCH = YES;
				COPY_PHASE_STRIP = NO;
				DEBUG_INFORMATION_FORMAT = "dwarf-with-dsym";
				ENABLE_NS_ASSERTIONS = NO;
				ENABLE_STRICT_OBJC_MSGSEND = YES;
				GCC_C_LANGUAGE_STANDARD = gnu11;
				GCC_NO_COMMON_BLOCKS = YES;
				GCC_WARN_64_TO_32_BIT_CONVERSION = YES;
				GCC_WARN_ABOUT_RETURN_TYPE = YES_ERROR;
				GCC_WARN_UNDECLARED_SELECTOR = YES;
				GCC_WARN_UNINITIALIZED_AUTOS = YES_AGGRESSIVE;
				GCC_WARN_UNUSED_FUNCTION = YES;
				GCC_WARN_UNUSED_VARIABLE = YES;
				IPHONEOS_DEPLOYMENT_TARGET = 14.6;
				MTL_ENABLE_DEBUG_INFO = NO;
				MTL_FAST_MATH = YES;
				SDKROOT = iphoneos;
				SWIFT_COMPILATION_MODE = wholemodule;
				SWIFT_OPTIMIZATION_LEVEL = "-O";
				VALIDATE_PRODUCT = YES;
			};
			name = Release;
		};
		CE7DE95026FF4B4000E39766 /* Debug */ = {
			isa = XCBuildConfiguration;
			buildSettings = {
				ASSETCATALOG_COMPILER_APPICON_NAME = AppIcon;
				ASSETCATALOG_COMPILER_GLOBAL_ACCENT_COLOR_NAME = AccentColor;
				CODE_SIGN_STYLE = Automatic;
				CURRENT_PROJECT_VERSION = 1;
				DEVELOPMENT_TEAM = 45YKJPJAD2;
				GENERATE_INFOPLIST_FILE = YES;
				INFOPLIST_FILE = TansferDataDemo/Info.plist;
				INFOPLIST_KEY_UIApplicationSupportsIndirectInputEvents = YES;
				INFOPLIST_KEY_UILaunchStoryboardName = LaunchScreen;
				INFOPLIST_KEY_UIMainStoryboardFile = Main;
				INFOPLIST_KEY_UISupportedInterfaceOrientations_iPad = "UIInterfaceOrientationPortrait UIInterfaceOrientationPortraitUpsideDown UIInterfaceOrientationLandscapeLeft UIInterfaceOrientationLandscapeRight";
				INFOPLIST_KEY_UISupportedInterfaceOrientations_iPhone = "UIInterfaceOrientationPortrait UIInterfaceOrientationLandscapeLeft UIInterfaceOrientationLandscapeRight";
				LD_RUNPATH_SEARCH_PATHS = (
					"$(inherited)",
					"@executable_path/Frameworks",
				);
				MARKETING_VERSION = 1.0;
				PRODUCT_BUNDLE_IDENTIFIER = fred.fu.TansferDataDemo;
				PRODUCT_NAME = "$(TARGET_NAME)";
				SWIFT_EMIT_LOC_STRINGS = YES;
				SWIFT_VERSION = 5.0;
				TARGETED_DEVICE_FAMILY = "1,2";
			};
			name = Debug;
		};
		CE7DE95126FF4B4000E39766 /* Release */ = {
			isa = XCBuildConfiguration;
			buildSettings = {
				ASSETCATALOG_COMPILER_APPICON_NAME = AppIcon;
				ASSETCATALOG_COMPILER_GLOBAL_ACCENT_COLOR_NAME = AccentColor;
				CODE_SIGN_STYLE = Automatic;
				CURRENT_PROJECT_VERSION = 1;
				DEVELOPMENT_TEAM = 45YKJPJAD2;
				GENERATE_INFOPLIST_FILE = YES;
				INFOPLIST_FILE = TansferDataDemo/Info.plist;
				INFOPLIST_KEY_UIApplicationSupportsIndirectInputEvents = YES;
				INFOPLIST_KEY_UILaunchStoryboardName = LaunchScreen;
				INFOPLIST_KEY_UIMainStoryboardFile = Main;
				INFOPLIST_KEY_UISupportedInterfaceOrientations_iPad = "UIInterfaceOrientationPortrait UIInterfaceOrientationPortraitUpsideDown UIInterfaceOrientationLandscapeLeft UIInterfaceOrientationLandscapeRight";
				INFOPLIST_KEY_UISupportedInterfaceOrientations_iPhone = "UIInterfaceOrientationPortrait UIInterfaceOrientationLandscapeLeft UIInterfaceOrientationLandscapeRight";
				LD_RUNPATH_SEARCH_PATHS = (
					"$(inherited)",
					"@executable_path/Frameworks",
				);
				MARKETING_VERSION = 1.0;
				PRODUCT_BUNDLE_IDENTIFIER = fred.fu.TansferDataDemo;
				PRODUCT_NAME = "$(TARGET_NAME)";
				SWIFT_EMIT_LOC_STRINGS = YES;
				SWIFT_VERSION = 5.0;
				TARGETED_DEVICE_FAMILY = "1,2";
			};
			name = Release;
		};
/* End XCBuildConfiguration section */

/* Begin XCConfigurationList section */
		CE7DE93626FF4B3F00E39766 /* Build configuration list for PBXProject "TansferDataDemo" */ = {
			isa = XCConfigurationList;
			buildConfigurations = (
				CE7DE94D26FF4B4000E39766 /* Debug */,
				CE7DE94E26FF4B4000E39766 /* Release */,
			);
			defaultConfigurationIsVisible = 0;
			defaultConfigurationName = Release;
		};
		CE7DE94F26FF4B4000E39766 /* Build configuration list for PBXNativeTarget "TansferDataDemo" */ = {
			isa = XCConfigurationList;
			buildConfigurations = (
				CE7DE95026FF4B4000E39766 /* Debug */,
				CE7DE95126FF4B4000E39766 /* Release */,
			);
			defaultConfigurationIsVisible = 0;
			defaultConfigurationName = Release;
		};
/* End XCConfigurationList section */
	};
	rootObject = CE7DE93326FF4B3F00E39766 /* Project object */;
}
